
Microsoft Visual Studio Solution File, Format Version 12.00
# Visual Studio Version 17
VisualStudioVersion = 17.0.31903.59
MinimumVisualStudioVersion = 10.0.40219.1
Project("{FAE04EC0-301F-11D3-BF4B-00C04F79EFBC}") = "TaskMgr.Api", "TaskMgr.Api\TaskMgr.Api.csproj", "{2274CFAF-3B87-43C0-83BD-27351A35E79F}"
EndProject
Project("{FAE04EC0-301F-11D3-BF4B-00C04F79EFBC}") = "TaskMgr.Api.Tests", "TaskMgr.Api.Tests\TaskMgr.Api.Tests.csproj", "{770B04A5-5EAA-41CB-8652-FEB2F7DA4764}"
EndProject
Global
	GlobalSection(SolutionConfigurationPlatforms) = preSolution
		Debug|Any CPU = Debug|Any CPU
		Debug|x64 = Debug|x64
		Debug|x86 = Debug|x86
		Release|Any CPU = Release|Any CPU
		Release|x64 = Release|x64
		Release|x86 = Release|x86
	EndGlobalSection
	GlobalSection(ProjectConfigurationPlatforms) = postSolution
		{2274CFAF-3B87-43C0-83BD-27351A35E79F}.Debug|Any CPU.ActiveCfg = Debug|Any CPU
		{2274CFAF-3B87-43C0-83BD-27351A35E79F}.Debug|Any CPU.Build.0 = Debug|Any CPU
		{2274CFAF-3B87-43C0-83BD-27351A35E79F}.Debug|x64.ActiveCfg = Debug|Any CPU
		{2274CFAF-3B87-43C0-83BD-27351A35E79F}.Debug|x64.Build.0 = Debug|Any CPU
		{2274CFAF-3B87-43C0-83BD-27351A35E79F}.Debug|x86.ActiveCfg = Debug|Any CPU
		{2274CFAF-3B87-43C0-83BD-27351A35E79F}.Debug|x86.Build.0 = Debug|Any CPU
		{2274CFAF-3B87-43C0-83BD-27351A35E79F}.Release|Any CPU.ActiveCfg = Release|Any CPU
		{2274CFAF-3B87-43C0-83BD-27351A35E79F}.Release|Any CPU.Build.0 = Release|Any CPU
		{2274CFAF-3B87-43C0-83BD-27351A35E79F}.Release|x64.ActiveCfg = Release|Any CPU
		{2274CFAF-3B87-43C0-83BD-27351A35E79F}.Release|x64.Build.0 = Release|Any CPU
		{2274CFAF-3B87-43C0-83BD-27351A35E79F}.Release|x86.ActiveCfg = Release|Any CPU
		{2274CFAF-3B87-43C0-83BD-27351A35E79F}.Release|x86.Build.0 = Release|Any CPU
		{770B04A5-5EAA-41CB-8652-FEB2F7DA4764}.Debug|Any CPU.ActiveCfg = Debug|Any CPU
		{770B04A5-5EAA-41CB-8652-FEB2F7DA4764}.Debug|Any CPU.Build.0 = Debug|Any CPU
		{770B04A5-5EAA-41CB-8652-FEB2F7DA4764}.Debug|x64.ActiveCfg = Debug|Any CPU
		{770B04A5-5EAA-41CB-8652-FEB2F7DA4764}.Debug|x64.Build.0 = Debug|Any CPU
		{770B04A5-5EAA-41CB-8652-FEB2F7DA4764}.Debug|x86.ActiveCfg = Debug|Any CPU
		{770B04A5-5EAA-41CB-8652-FEB2F7DA4764}.Debug|x86.Build.0 = Debug|Any CPU
		{770B04A5-5EAA-41CB-8652-FEB2F7DA4764}.Release|Any CPU.ActiveCfg = Release|Any CPU
		{770B04A5-5EAA-41CB-8652-FEB2F7DA4764}.Release|Any CPU.Build.0 = Release|Any CPU
		{770B04A5-5EAA-41CB-8652-FEB2F7DA4764}.Release|x64.ActiveCfg = Release|Any CPU
		{770B04A5-5EAA-41CB-8652-FEB2F7DA4764}.Release|x64.Build.0 = Release|Any CPU
		{770B04A5-5EAA-41CB-8652-FEB2F7DA4764}.Release|x86.ActiveCfg = Release|Any CPU
		{770B04A5-5EAA-41CB-8652-FEB2F7DA4764}.Release|x86.Build.0 = Release|Any CPU
	EndGlobalSection
	GlobalSection(SolutionProperties) = preSolution
		HideSolutionNode = FALSE
	EndGlobalSection
EndGlobal
